# This file is automatically @generated by Cargo.
# It is not intended for manual editing.
[[package]]
name = "iced"
version = "0.0.0"
source = "registry+https://github.com/rust-lang/crates.io-index"
checksum = "f3daea4fe80ce8dff83a7ae6cee6cb5b1bab7303e3979d83cced21f32d14e9b8"

[[package]]
name = "mandalox"
version = "0.1.0"
dependencies = [
 "iced",
]
